<?xml version="1.0" encoding="utf-8"?>
<Project ToolsVersion="4.0" xmlns="http://schemas.microsoft.com/developer/msbuild/2003">
  <ItemGroup>
    <ClCompile Include="AdjacenceListsGraph.cpp">
      <Filter>Source Files</Filter>
    </ClCompile>
    <ClCompile Include="AdjacenceListsGRAPH_BOOST.cpp">
      <Filter>Source Files</Filter>
    </ClCompile>
    <ClCompile Include="AdjacenceListsGRAPH_IO.cpp">
      <Filter>Source Files</Filter>
    </ClCompile>
    <ClCompile Include="TraversalAlgorithm.cpp">
      <Filter>Source Files</Filter>
    </ClCompile>
    <ClCompile Include="Utility.cpp">
      <Filter>Source Files</Filter>
    </ClCompile>
    <ClCompile Include="FindMaximumConnectedClique.cpp">
      <Filter>Source Files</Filter>
    </ClCompile>
    <ClCompile Include="FindMaximalDisjointConnCliques.cpp">
      <Filter>Source Files</Filter>
    </ClCompile>
    <ClCompile Include="FindMaximumForestClique.cpp">
      <Filter>Source Files</Filter>
    </ClCompile>
    <ClCompile Include="Similarity.cpp">
      <Filter>Source Files</Filter>
    </ClCompile>
  </ItemGroup>
  <ItemGroup>
    <ClInclude Include="AdjacenceListsGRAPH_IO.h">
      <Filter>Header Files</Filter>
    </ClInclude>
    <ClInclude Include="AdjacenceListsGraph.h">
      <Filter>Header Files</Filter>
    </ClInclude>
    <ClInclude Include="TraversalAlgorithm.h">
      <Filter>Header Files</Filter>
    </ClInclude>
    <ClInclude Include="Utility.h">
      <Filter>Header Files</Filter>
    </ClInclude>
    <ClInclude Include="FindMaximumConnectedClique.h">
      <Filter>Header Files</Filter>
    </ClInclude>
    <ClInclude Include="AdjacenceListsGRAPH_BOOST.h">
      <Filter>Header Files</Filter>
    </ClInclude>
    <ClInclude Include="FindMaximumForestClique.h">
      <Filter>Header Files</Filter>
    </ClInclude>
    <ClInclude Include="FindMaximalDisjointConnCliques.h">
      <Filter>Header Files</Filter>
    </ClInclude>
    <ClInclude Include="Similarity.h">
      <Filter>Header Files</Filter>
    </ClInclude>
  </ItemGroup>
  <ItemGroup>
    <Filter Include="Header Files">
      <UniqueIdentifier>{c93a60d6-b829-493d-8b3a-b0e36c366728}</UniqueIdentifier>
    </Filter>
    <Filter Include="Source Files">
      <UniqueIdentifier>{98472a28-c694-468b-897a-cc42b4ffead4}</UniqueIdentifier>
    </Filter>
  </ItemGroup>
</Project>